
Microsoft Visual Studio Solution File, Format Version 12.00
Project("{FAE04EC0-301F-11D3-BF4B-00C04F79EFBC}") = "Attribute - User", "Attribute - User\Attribute - User.csproj", "{A501AFBF-6390-48A5-9E71-EE73C12F20ED}"
EndProject
Global
	GlobalSection(SolutionConfigurationPlatforms) = preSolution
		Debug|Any CPU = Debug|Any CPU
		Release|Any CPU = Release|Any CPU
	EndGlobalSection
	GlobalSection(ProjectConfigurationPlatforms) = postSolution
		{A501AFBF-6390-48A5-9E71-EE73C12F20ED}.Debug|Any CPU.ActiveCfg = Debug|Any CPU
		{A501AFBF-6390-48A5-9E71-EE73C12F20ED}.Debug|Any CPU.Build.0 = Debug|Any CPU
		{A501AFBF-6390-48A5-9E71-EE73C12F20ED}.Release|Any CPU.ActiveCfg = Release|Any CPU
		{A501AFBF-6390-48A5-9E71-EE73C12F20ED}.Release|Any CPU.Build.0 = Release|Any CPU
	EndGlobalSection
EndGlobal
